
Microsoft Visual Studio Solution File, Format Version 12.00
Project("{FAE04EC0-301F-11D3-BF4B-00C04F79EFBC}") = "TaskManagementApp", "TaskManagementApp\TaskManagementApp.csproj", "{13CD0396-F2E3-47A3-BD26-9E3EB64AA714}"
EndProject
Global
	GlobalSection(SolutionConfigurationPlatforms) = preSolution
		Debug|Any CPU = Debug|Any CPU
		Release|Any CPU = Release|Any CPU
	EndGlobalSection
	GlobalSection(ProjectConfigurationPlatforms) = postSolution
		{13CD0396-F2E3-47A3-BD26-9E3EB64AA714}.Debug|Any CPU.ActiveCfg = Debug|Any CPU
		{13CD0396-F2E3-47A3-BD26-9E3EB64AA714}.Debug|Any CPU.Build.0 = Debug|Any CPU
		{13CD0396-F2E3-47A3-BD26-9E3EB64AA714}.Release|Any CPU.ActiveCfg = Release|Any CPU
		{13CD0396-F2E3-47A3-BD26-9E3EB64AA714}.Release|Any CPU.Build.0 = Release|Any CPU
	EndGlobalSection
EndGlobal
